
Microsoft Visual Studio Solution File, Format Version 12.00
# Visual Studio Version 17
VisualStudioVersion = 17.0.31919.166
MinimumVisualStudioVersion = 10.0.40219.1
Project("{FAE04EC0-301F-11D3-BF4B-00C04F79EFBC}") = "Bootstrap_Form_Grid", "Bootstrap_Form_Grid\Bootstrap_Form_Grid.csproj", "{2566AB32-CD49-43FA-9EC3-0FEB345B8758}"
EndProject
Global
	GlobalSection(SolutionConfigurationPlatforms) = preSolution
		Debug|Any CPU = Debug|Any CPU
		Release|Any CPU = Release|Any CPU
	EndGlobalSection
	GlobalSection(ProjectConfigurationPlatforms) = postSolution
		{2566AB32-CD49-43FA-9EC3-0FEB345B8758}.Debug|Any CPU.ActiveCfg = Debug|Any CPU
		{2566AB32-CD49-43FA-9EC3-0FEB345B8758}.Debug|Any CPU.Build.0 = Debug|Any CPU
		{2566AB32-CD49-43FA-9EC3-0FEB345B8758}.Release|Any CPU.ActiveCfg = Release|Any CPU
		{2566AB32-CD49-43FA-9EC3-0FEB345B8758}.Release|Any CPU.Build.0 = Release|Any CPU
	EndGlobalSection
	GlobalSection(SolutionProperties) = preSolution
		HideSolutionNode = FALSE
	EndGlobalSection
	GlobalSection(ExtensibilityGlobals) = postSolution
		SolutionGuid = {68765FFE-3DEC-43E8-BE6A-8F2C49584C93}
	EndGlobalSection
EndGlobal
